// !$*UTF8*$!
{
	archiveVersion = 1;
	classes = {
	};
	objectVersion = 56;
	objects = {

/* Begin PBXBuildFile section */
		0269E9E629D53FC100773BBE /* achievement.mp3 in Resources */ = {isa = PBXBuildFile; fileRef = 0269E9E529D53FC100773BBE /* achievement.mp3 */; };
		026C85AB297990F700930CA3 /* AppDelegate.swift in Sources */ = {isa = PBXBuildFile; fileRef = 026C85AA297990F700930CA3 /* AppDelegate.swift */; };
		026C85AD297990F700930CA3 /* SceneDelegate.swift in Sources */ = {isa = PBXBuildFile; fileRef = 026C85AC297990F700930CA3 /* SceneDelegate.swift */; };
		026C85AF297990F700930CA3 /* ViewController.swift in Sources */ = {isa = PBXBuildFile; fileRef = 026C85AE297990F700930CA3 /* ViewController.swift */; };
		026C85B2297990F700930CA3 /* Main.storyboard in Resources */ = {isa = PBXBuildFile; fileRef = 026C85B0297990F700930CA3 /* Main.storyboard */; };
		026C85B4297990F800930CA3 /* Assets.xcassets in Resources */ = {isa = PBXBuildFile; fileRef = 026C85B3297990F800930CA3 /* Assets.xcassets */; };
		026C85B7297990F800930CA3 /* LaunchScreen.storyboard in Resources */ = {isa = PBXBuildFile; fileRef = 026C85B5297990F800930CA3 /* LaunchScreen.storyboard */; };
		02AED75C29D5066E00DC6542 /* VitaHeartModel.xcdatamodeld in Sources */ = {isa = PBXBuildFile; fileRef = 02AED75A29D5066E00DC6542 /* VitaHeartModel.xcdatamodeld */; };
		02AED78129D515BF00DC6542 /* CustomTableViewCell.swift in Sources */ = {isa = PBXBuildFile; fileRef = 02AED78029D515BF00DC6542 /* CustomTableViewCell.swift */; };
		02D61F4529BD4CAE0021CE6E /* BreeSerif-Regular.ttf in Resources */ = {isa = PBXBuildFile; fileRef = 02D61F4229BD4CAE0021CE6E /* BreeSerif-Regular.ttf */; };
		02D61F4629BD4CAE0021CE6E /* SignikaNegative-VariableFont_wght.ttf in Resources */ = {isa = PBXBuildFile; fileRef = 02D61F4329BD4CAE0021CE6E /* SignikaNegative-VariableFont_wght.ttf */; };
		02D61F4729BD4CAE0021CE6E /* Acme-Regular.ttf in Resources */ = {isa = PBXBuildFile; fileRef = 02D61F4429BD4CAE0021CE6E /* Acme-Regular.ttf */; };
		02D61F4929BEBFD00021CE6E /* EntryViewController.swift in Sources */ = {isa = PBXBuildFile; fileRef = 02D61F4829BEBFD00021CE6E /* EntryViewController.swift */; };
		02D61F4B29BEC1030021CE6E /* VitaminsViewController.swift in Sources */ = {isa = PBXBuildFile; fileRef = 02D61F4A29BEC1030021CE6E /* VitaminsViewController.swift */; };
/* End PBXBuildFile section */

/* Begin PBXFileReference section */
		0269E9E529D53FC100773BBE /* achievement.mp3 */ = {isa = PBXFileReference; lastKnownFileType = audio.mp3; path = achievement.mp3; sourceTree = "<group>"; };
		026C85A7297990F700930CA3 /* idm362-aar335.app */ = {isa = PBXFileReference; explicitFileType = wrapper.application; includeInIndex = 0; path = "idm362-aar335.app"; sourceTree = BUILT_PRODUCTS_DIR; };
		026C85AA297990F700930CA3 /* AppDelegate.swift */ = {isa = PBXFileReference; lastKnownFileType = sourcecode.swift; path = AppDelegate.swift; sourceTree = "<group>"; };
		026C85AC297990F700930CA3 /* SceneDelegate.swift */ = {isa = PBXFileReference; lastKnownFileType = sourcecode.swift; path = SceneDelegate.swift; sourceTree = "<group>"; };
		026C85AE297990F700930CA3 /* ViewController.swift */ = {isa = PBXFileReference; lastKnownFileType = sourcecode.swift; path = ViewController.swift; sourceTree = "<group>"; };
		026C85B1297990F700930CA3 /* Base */ = {isa = PBXFileReference; lastKnownFileType = file.storyboard; name = Base; path = Base.lproj/Main.storyboard; sourceTree = "<group>"; };
		026C85B3297990F800930CA3 /* Assets.xcassets */ = {isa = PBXFileReference; lastKnownFileType = folder.assetcatalog; path = Assets.xcassets; sourceTree = "<group>"; };
		026C85B6297990F800930CA3 /* Base */ = {isa = PBXFileReference; lastKnownFileType = file.storyboard; name = Base; path = Base.lproj/LaunchScreen.storyboard; sourceTree = "<group>"; };
		026C85B8297990F800930CA3 /* Info.plist */ = {isa = PBXFileReference; lastKnownFileType = text.plist.xml; path = Info.plist; sourceTree = "<group>"; };
		026C9AE729D29493000DF867 /* SourceSansPro-SemiBoldItalic.ttf */ = {isa = PBXFileReference; lastKnownFileType = file; path = "SourceSansPro-SemiBoldItalic.ttf"; sourceTree = "<group>"; };
		026C9AE829D29493000DF867 /* SourceSansPro-SemiBold.ttf */ = {isa = PBXFileReference; lastKnownFileType = file; path = "SourceSansPro-SemiBold.ttf"; sourceTree = "<group>"; };
		026C9AE929D29493000DF867 /* SourceSansPro-Bold.ttf */ = {isa = PBXFileReference; lastKnownFileType = file; path = "SourceSansPro-Bold.ttf"; sourceTree = "<group>"; };
		02AED75B29D5066E00DC6542 /* VitaHeartModel.xcdatamodel */ = {isa = PBXFileReference; lastKnownFileType = wrapper.xcdatamodel; path = VitaHeartModel.xcdatamodel; sourceTree = "<group>"; };
		02AED78029D515BF00DC6542 /* CustomTableViewCell.swift */ = {isa = PBXFileReference; lastKnownFileType = sourcecode.swift; path = CustomTableViewCell.swift; sourceTree = "<group>"; };
		02D61F4229BD4CAE0021CE6E /* BreeSerif-Regular.ttf */ = {isa = PBXFileReference; lastKnownFileType = file; path = "BreeSerif-Regular.ttf"; sourceTree = "<group>"; };
		02D61F4329BD4CAE0021CE6E /* SignikaNegative-VariableFont_wght.ttf */ = {isa = PBXFileReference; lastKnownFileType = file; path = "SignikaNegative-VariableFont_wght.ttf"; sourceTree = "<group>"; };
		02D61F4429BD4CAE0021CE6E /* Acme-Regular.ttf */ = {isa = PBXFileReference; lastKnownFileType = file; path = "Acme-Regular.ttf"; sourceTree = "<group>"; };
		02D61F4829BEBFD00021CE6E /* EntryViewController.swift */ = {isa = PBXFileReference; lastKnownFileType = sourcecode.swift; path = EntryViewController.swift; sourceTree = "<group>"; };
		02D61F4A29BEC1030021CE6E /* VitaminsViewController.swift */ = {isa = PBXFileReference; lastKnownFileType = sourcecode.swift; path = VitaminsViewController.swift; sourceTree = "<group>"; };
/* End PBXFileReference section */

/* Begin PBXFrameworksBuildPhase section */
		026C85A4297990F700930CA3 /* Frameworks */ = {
			isa = PBXFrameworksBuildPhase;
			buildActionMask = 2147483647;
			files = (
			);
			runOnlyForDeploymentPostprocessing = 0;
		};
/* End PBXFrameworksBuildPhase section */

/* Begin PBXGroup section */
		026C859E297990F600930CA3 = {
			isa = PBXGroup;
			children = (
				026C85A9297990F700930CA3 /* idm362-aar335 */,
				026C85A8297990F700930CA3 /* Products */,
			);
			sourceTree = "<group>";
		};
		026C85A8297990F700930CA3 /* Products */ = {
			isa = PBXGroup;
			children = (
				026C85A7297990F700930CA3 /* idm362-aar335.app */,
			);
			name = Products;
			sourceTree = "<group>";
		};
		026C85A9297990F700930CA3 /* idm362-aar335 */ = {
			isa = PBXGroup;
			children = (
				0269E9E529D53FC100773BBE /* achievement.mp3 */,
				026C85AA297990F700930CA3 /* AppDelegate.swift */,
				026C85AC297990F700930CA3 /* SceneDelegate.swift */,
				026C85AE297990F700930CA3 /* ViewController.swift */,
				026C85B0297990F700930CA3 /* Main.storyboard */,
				02AED78029D515BF00DC6542 /* CustomTableViewCell.swift */,
				026C85B3297990F800930CA3 /* Assets.xcassets */,
				026C85B5297990F800930CA3 /* LaunchScreen.storyboard */,
				026C85B8297990F800930CA3 /* Info.plist */,
				02D61F4129BD4CAE0021CE6E /* fonts */,
				02D61F4829BEBFD00021CE6E /* EntryViewController.swift */,
				02D61F4A29BEC1030021CE6E /* VitaminsViewController.swift */,
				02AED75A29D5066E00DC6542 /* VitaHeartModel.xcdatamodeld */,
			);
			path = "idm362-aar335";
			sourceTree = "<group>";
		};
		02D61F4129BD4CAE0021CE6E /* fonts */ = {
			isa = PBXGroup;
			children = (
				026C9AE929D29493000DF867 /* SourceSansPro-Bold.ttf */,
				026C9AE829D29493000DF867 /* SourceSansPro-SemiBold.ttf */,
				026C9AE729D29493000DF867 /* SourceSansPro-SemiBoldItalic.ttf */,
				02D61F4229BD4CAE0021CE6E /* BreeSerif-Regular.ttf */,
				02D61F4329BD4CAE0021CE6E /* SignikaNegative-VariableFont_wght.ttf */,
				02D61F4429BD4CAE0021CE6E /* Acme-Regular.ttf */,
			);
			path = fonts;
			sourceTree = "<group>";
		};
/* End PBXGroup section */

/* Begin PBXNativeTarget section */
		026C85A6297990F700930CA3 /* idm362-aar335 */ = {
			isa = PBXNativeTarget;
			buildConfigurationList = 026C85BB297990F800930CA3 /* Build configuration list for PBXNativeTarget "idm362-aar335" */;
			buildPhases = (
				026C85A3297990F700930CA3 /* Sources */,
				026C85A4297990F700930CA3 /* Frameworks */,
				026C85A5297990F700930CA3 /* Resources */,
			);
			buildRules = (
			);
			dependencies = (
			);
			name = "idm362-aar335";
			productName = "idm362-aar335";
			productReference = 026C85A7297990F700930CA3 /* idm362-aar335.app */;
			productType = "com.apple.product-type.application";
		};
/* End PBXNativeTarget section */

/* Begin PBXProject section */
		026C859F297990F600930CA3 /* Project object */ = {
			isa = PBXProject;
			attributes = {
				BuildIndependentTargetsInParallel = 1;
				LastSwiftUpdateCheck = 1420;
				LastUpgradeCheck = 1420;
				TargetAttributes = {
					026C85A6297990F700930CA3 = {
						CreatedOnToolsVersion = 14.2;
					};
				};
			};
			buildConfigurationList = 026C85A2297990F600930CA3 /* Build configuration list for PBXProject "idm362-aar335" */;
			compatibilityVersion = "Xcode 14.0";
			developmentRegion = en;
			hasScannedForEncodings = 0;
			knownRegions = (
				en,
				Base,
			);
			mainGroup = 026C859E297990F600930CA3;
			productRefGroup = 026C85A8297990F700930CA3 /* Products */;
			projectDirPath = "";
			projectRoot = "";
			targets = (
				026C85A6297990F700930CA3 /* idm362-aar335 */,
			);
		};
/* End PBXProject section */

/* Begin PBXResourcesBuildPhase section */
		026C85A5297990F700930CA3 /* Resources */ = {
			isa = PBXResourcesBuildPhase;
			buildActionMask = 2147483647;
			files = (
				026C85B7297990F800930CA3 /* LaunchScreen.storyboard in Resources */,
				02D61F4729BD4CAE0021CE6E /* Acme-Regular.ttf in Resources */,
				0269E9E629D53FC100773BBE /* achievement.mp3 in Resources */,
				026C85B4297990F800930CA3 /* Assets.xcassets in Resources */,
				026C85B2297990F700930CA3 /* Main.storyboard in Resources */,
				02D61F4629BD4CAE0021CE6E /* SignikaNegative-VariableFont_wght.ttf in Resources */,
				02D61F4529BD4CAE0021CE6E /* BreeSerif-Regular.ttf in Resources */,
			);
			runOnlyForDeploymentPostprocessing = 0;
		};
/* End PBXResourcesBuildPhase section */

/* Begin PBXSourcesBuildPhase section */
		026C85A3297990F700930CA3 /* Sources */ = {
			isa = PBXSourcesBuildPhase;
			buildActionMask = 2147483647;
			files = (
				026C85AF297990F700930CA3 /* ViewController.swift in Sources */,
				02D61F4929BEBFD00021CE6E /* EntryViewController.swift in Sources */,
				02AED75C29D5066E00DC6542 /* VitaHeartModel.xcdatamodeld in Sources */,
				02AED78129D515BF00DC6542 /* CustomTableViewCell.swift in Sources */,
				026C85AB297990F700930CA3 /* AppDelegate.swift in Sources */,
				02D61F4B29BEC1030021CE6E /* VitaminsViewController.swift in Sources */,
				026C85AD297990F700930CA3 /* SceneDelegate.swift in Sources */,
			);
			runOnlyForDeploymentPostprocessing = 0;
		};
/* End PBXSourcesBuildPhase section */

/* Begin PBXVariantGroup section */
		026C85B0297990F700930CA3 /* Main.storyboard */ = {
			isa = PBXVariantGroup;
			children = (
				026C85B1297990F700930CA3 /* Base */,
			);
			name = Main.storyboard;
			sourceTree = "<group>";
		};
		026C85B5297990F800930CA3 /* LaunchScreen.storyboard */ = {
			isa = PBXVariantGroup;
			children = (
				026C85B6297990F800930CA3 /* Base */,
			);
			name = LaunchScreen.storyboard;
			sourceTree = "<group>";
		};
/* End PBXVariantGroup section */

/* Begin XCBuildConfiguration section */
		026C85B9297990F800930CA3 /* Debug */ = {
			isa = XCBuildConfiguration;
			buildSettings = {
				ALWAYS_SEARCH_USER_PATHS = NO;
				CLANG_ANALYZER_NONNULL = YES;
				CLANG_ANALYZER_NUMBER_OBJECT_CONVERSION = YES_AGGRESSIVE;
				CLANG_CXX_LANGUAGE_STANDARD = "gnu++20";
				CLANG_ENABLE_MODULES = YES;
				CLANG_ENABLE_OBJC_ARC = YES;
				CLANG_ENABLE_OBJC_WEAK = YES;
				CLANG_WARN_BLOCK_CAPTURE_AUTORELEASING = YES;
				CLANG_WARN_BOOL_CONVERSION = YES;
				CLANG_WARN_COMMA = YES;
				CLANG_WARN_CONSTANT_CONVERSION = YES;
				CLANG_WARN_DEPRECATED_OBJC_IMPLEMENTATIONS = YES;
				CLANG_WARN_DIRECT_OBJC_ISA_USAGE = YES_ERROR;
				CLANG_WARN_DOCUMENTATION_COMMENTS = YES;
				CLANG_WARN_EMPTY_BODY = YES;
				CLANG_WARN_ENUM_CONVERSION = YES;
				CLANG_WARN_INFINITE_RECURSION = YES;
				CLANG_WARN_INT_CONVERSION = YES;
				CLANG_WARN_NON_LITERAL_NULL_CONVERSION = YES;
				CLANG_WARN_OBJC_IMPLICIT_RETAIN_SELF = YES;
				CLANG_WARN_OBJC_LITERAL_CONVERSION = YES;
				CLANG_WARN_OBJC_ROOT_CLASS = YES_ERROR;
				CLANG_WARN_QUOTED_INCLUDE_IN_FRAMEWORK_HEADER = YES;
				CLANG_WARN_RANGE_LOOP_ANALYSIS = YES;
				CLANG_WARN_STRICT_PROTOTYPES = YES;
				CLANG_WARN_SUSPICIOUS_MOVE = YES;
				CLANG_WARN_UNGUARDED_AVAILABILITY = YES_AGGRESSIVE;
				CLANG_WARN_UNREACHABLE_CODE = YES;
				CLANG_WARN__DUPLICATE_METHOD_MATCH = YES;
				COPY_PHASE_STRIP = NO;
				DEBUG_INFORMATION_FORMAT = dwarf;
				ENABLE_STRICT_OBJC_MSGSEND = YES;
				ENABLE_TESTABILITY = YES;
				GCC_C_LANGUAGE_STANDARD = gnu11;
				GCC_DYNAMIC_NO_PIC = NO;
				GCC_NO_COMMON_BLOCKS = YES;
				GCC_OPTIMIZATION_LEVEL = 0;
				GCC_PREPROCESSOR_DEFINITIONS = (
					"DEBUG=1",
					"$(inherited)",
				);
				GCC_WARN_64_TO_32_BIT_CONVERSION = YES;
				GCC_WARN_ABOUT_RETURN_TYPE = YES_ERROR;
				GCC_WARN_UNDECLARED_SELECTOR = YES;
				GCC_WARN_UNINITIALIZED_AUTOS = YES_AGGRESSIVE;
				GCC_WARN_UNUSED_FUNCTION = YES;
				GCC_WARN_UNUSED_VARIABLE = YES;
				IPHONEOS_DEPLOYMENT_TARGET = 16.2;
				MTL_ENABLE_DEBUG_INFO = INCLUDE_SOURCE;
				MTL_FAST_MATH = YES;
				ONLY_ACTIVE_ARCH = YES;
				SDKROOT = iphoneos;
				SWIFT_ACTIVE_COMPILATION_CONDITIONS = DEBUG;
				SWIFT_OPTIMIZATION_LEVEL = "-Onone";
			};
			name = Debug;
		};
		026C85BA297990F800930CA3 /* Release */ = {
			isa = XCBuildConfiguration;
			buildSettings = {
				ALWAYS_SEARCH_USER_PATHS = NO;
				CLANG_ANALYZER_NONNULL = YES;
				CLANG_ANALYZER_NUMBER_OBJECT_CONVERSION = YES_AGGRESSIVE;
				CLANG_CXX_LANGUAGE_STANDARD = "gnu++20";
				CLANG_ENABLE_MODULES = YES;
				CLANG_ENABLE_OBJC_ARC = YES;
				CLANG_ENABLE_OBJC_WEAK = YES;
				CLANG_WARN_BLOCK_CAPTURE_AUTORELEASING = YES;
				CLANG_WARN_BOOL_CONVERSION = YES;
				CLANG_WARN_COMMA = YES;
				CLANG_WARN_CONSTANT_CONVERSION = YES;
				CLANG_WARN_DEPRECATED_OBJC_IMPLEMENTATIONS = YES;
				CLANG_WARN_DIRECT_OBJC_ISA_USAGE = YES_ERROR;
				CLANG_WARN_DOCUMENTATION_COMMENTS = YES;
				CLANG_WARN_EMPTY_BODY = YES;
				CLANG_WARN_ENUM_CONVERSION = YES;
				CLANG_WARN_INFINITE_RECURSION = YES;
				CLANG_WARN_INT_CONVERSION = YES;
				CLANG_WARN_NON_LITERAL_NULL_CONVERSION = YES;
				CLANG_WARN_OBJC_IMPLICIT_RETAIN_SELF = YES;
				CLANG_WARN_OBJC_LITERAL_CONVERSION = YES;
				CLANG_WARN_OBJC_ROOT_CLASS = YES_ERROR;
				CLANG_WARN_QUOTED_INCLUDE_IN_FRAMEWORK_HEADER = YES;
				CLANG_WARN_RANGE_LOOP_ANALYSIS = YES;
				CLANG_WARN_STRICT_PROTOTYPES = YES;
				CLANG_WARN_SUSPICIOUS_MOVE = YES;
				CLANG_WARN_UNGUARDED_AVAILABILITY = YES_AGGRESSIVE;
				CLANG_WARN_UNREACHABLE_CODE = YES;
				CLANG_WARN__DUPLICATE_METHOD_MATCH = YES;
				COPY_PHASE_STRIP = NO;
				DEBUG_INFORMATION_FORMAT = "dwarf-with-dsym";
				ENABLE_NS_ASSERTIONS = NO;
				ENABLE_STRICT_OBJC_MSGSEND = YES;
				GCC_C_LANGUAGE_STANDARD = gnu11;
				GCC_NO_COMMON_BLOCKS = YES;
				GCC_WARN_64_TO_32_BIT_CONVERSION = YES;
				GCC_WARN_ABOUT_RETURN_TYPE = YES_ERROR;
				GCC_WARN_UNDECLARED_SELECTOR = YES;
				GCC_WARN_UNINITIALIZED_AUTOS = YES_AGGRESSIVE;
				GCC_WARN_UNUSED_FUNCTION = YES;
				GCC_WARN_UNUSED_VARIABLE = YES;
				IPHONEOS_DEPLOYMENT_TARGET = 16.2;
				MTL_ENABLE_DEBUG_INFO = NO;
				MTL_FAST_MATH = YES;
				SDKROOT = iphoneos;
				SWIFT_COMPILATION_MODE = wholemodule;
				SWIFT_OPTIMIZATION_LEVEL = "-O";
				VALIDATE_PRODUCT = YES;
			};
			name = Release;
		};
		026C85BC297990F800930CA3 /* Debug */ = {
			isa = XCBuildConfiguration;
			buildSettings = {
				ASSETCATALOG_COMPILER_APPICON_NAME = AppIcon;
				ASSETCATALOG_COMPILER_GLOBAL_ACCENT_COLOR_NAME = AccentColor;
				CODE_SIGN_STYLE = Automatic;
				CURRENT_PROJECT_VERSION = 1;
				GENERATE_INFOPLIST_FILE = YES;
				INFOPLIST_FILE = "idm362-aar335/Info.plist";
				INFOPLIST_KEY_CFBundleDisplayName = VitaHeart;
				INFOPLIST_KEY_UIApplicationSupportsIndirectInputEvents = YES;
				INFOPLIST_KEY_UILaunchStoryboardName = LaunchScreen;
				INFOPLIST_KEY_UIMainStoryboardFile = Main;
				INFOPLIST_KEY_UISupportedInterfaceOrientations = UIInterfaceOrientationPortrait;
				LD_RUNPATH_SEARCH_PATHS = (
					"$(inherited)",
					"@executable_path/Frameworks",
				);
				MARKETING_VERSION = 1.0;
				PRODUCT_BUNDLE_IDENTIFIER = "com.alexisraya.idm362-aar335";
				PRODUCT_NAME = "$(TARGET_NAME)";
				SWIFT_EMIT_LOC_STRINGS = YES;
				SWIFT_VERSION = 5.0;
				TARGETED_DEVICE_FAMILY = "1,2";
			};
			name = Debug;
		};
		026C85BD297990F800930CA3 /* Release */ = {
			isa = XCBuildConfiguration;
			buildSettings = {
				ASSETCATALOG_COMPILER_APPICON_NAME = AppIcon;
				ASSETCATALOG_COMPILER_GLOBAL_ACCENT_COLOR_NAME = AccentColor;
				CODE_SIGN_STYLE = Automatic;
				CURRENT_PROJECT_VERSION = 1;
				GENERATE_INFOPLIST_FILE = YES;
				INFOPLIST_FILE = "idm362-aar335/Info.plist";
				INFOPLIST_KEY_CFBundleDisplayName = VitaHeart;
				INFOPLIST_KEY_UIApplicationSupportsIndirectInputEvents = YES;
				INFOPLIST_KEY_UILaunchStoryboardName = LaunchScreen;
				INFOPLIST_KEY_UIMainStoryboardFile = Main;
				INFOPLIST_KEY_UISupportedInterfaceOrientations = UIInterfaceOrientationPortrait;
				LD_RUNPATH_SEARCH_PATHS = (
					"$(inherited)",
					"@executable_path/Frameworks",
				);
				MARKETING_VERSION = 1.0;
				PRODUCT_BUNDLE_IDENTIFIER = "com.alexisraya.idm362-aar335";
				PRODUCT_NAME = "$(TARGET_NAME)";
				SWIFT_EMIT_LOC_STRINGS = YES;
				SWIFT_VERSION = 5.0;
				TARGETED_DEVICE_FAMILY = "1,2";
			};
			name = Release;
		};
/* End XCBuildConfiguration section */

/* Begin XCConfigurationList section */
		026C85A2297990F600930CA3 /* Build configuration list for PBXProject "idm362-aar335" */ = {
			isa = XCConfigurationList;
			buildConfigurations = (
				026C85B9297990F800930CA3 /* Debug */,
				026C85BA297990F800930CA3 /* Release */,
			);
			defaultConfigurationIsVisible = 0;
			defaultConfigurationName = Release;
		};
		026C85BB297990F800930CA3 /* Build configuration list for PBXNativeTarget "idm362-aar335" */ = {
			isa = XCConfigurationList;
			buildConfigurations = (
				026C85BC297990F800930CA3 /* Debug */,
				026C85BD297990F800930CA3 /* Release */,
			);
			defaultConfigurationIsVisible = 0;
			defaultConfigurationName = Release;
		};
/* End XCConfigurationList section */

/* Begin XCVersionGroup section */
		02AED75A29D5066E00DC6542 /* VitaHeartModel.xcdatamodeld */ = {
			isa = XCVersionGroup;
			children = (
				02AED75B29D5066E00DC6542 /* VitaHeartModel.xcdatamodel */,
			);
			currentVersion = 02AED75B29D5066E00DC6542 /* VitaHeartModel.xcdatamodel */;
			path = VitaHeartModel.xcdatamodeld;
			sourceTree = "<group>";
			versionGroupType = wrapper.xcdatamodel;
		};
/* End XCVersionGroup section */
	};
	rootObject = 026C859F297990F600930CA3 /* Project object */;
}
